
Microsoft Visual Studio Solution File, Format Version 12.00
# Visual Studio Version 17
VisualStudioVersion = 17.11.35312.102
MinimumVisualStudioVersion = 10.0.40219.1
Project("{9A19103F-16F7-4668-BE54-9A1E7A4F7556}") = "PraticeQuestions", "PraticeQuestions.csproj", "{722790E7-3049-4212-B98B-EA2EC678B5AB}"
EndProject
Project("{9A19103F-16F7-4668-BE54-9A1E7A4F7556}") = "ConsoleApp30", "..\ConsoleApp30\ConsoleApp30.csproj", "{3459BA3E-665D-42AC-87B2-9659B642CFAA}"
EndProject
Project("{9A19103F-16F7-4668-BE54-9A1E7A4F7556}") = "ConsoleApp31", "..\ConsoleApp31\ConsoleApp31.csproj", "{0CA059CB-8B47-4F36-BDF4-C81CB997995E}"
EndProject
Project("{FAE04EC0-301F-11D3-BF4B-00C04F79EFBC}") = "ConsoleApp32", "..\ConsoleApp32\ConsoleApp32.csproj", "{AB9D3D53-3C82-4F0B-A7FC-EB1E58E7CE3F}"
EndProject
Project("{FAE04EC0-301F-11D3-BF4B-00C04F79EFBC}") = "ConsoleApp33", "..\ConsoleApp33\ConsoleApp33.csproj", "{E0A7C29A-08A8-46A3-B9B4-4CAEDFDC5D28}"
EndProject
Project("{FAE04EC0-301F-11D3-BF4B-00C04F79EFBC}") = "ConsoleApp34", "..\ConsoleApp34\ConsoleApp34.csproj", "{7599CB1A-44BA-470D-88EB-5EAED7CD61D4}"
EndProject
Project("{FAE04EC0-301F-11D3-BF4B-00C04F79EFBC}") = "ConsoleApp35", "..\ConsoleApp35\ConsoleApp35.csproj", "{F278E389-42AE-4AD9-A0CE-9BFA60CE1DC5}"
EndProject
Project("{FAE04EC0-301F-11D3-BF4B-00C04F79EFBC}") = "ConsoleApp36", "..\ConsoleApp36\ConsoleApp36.csproj", "{509D10B2-2BB5-47A4-B937-1977C483A7F4}"
EndProject
Project("{FAE04EC0-301F-11D3-BF4B-00C04F79EFBC}") = "ConsoleApp37", "..\ConsoleApp37\ConsoleApp37.csproj", "{1CDF9196-98A9-4A3B-877E-3CD835D18B9B}"
EndProject
Project("{FAE04EC0-301F-11D3-BF4B-00C04F79EFBC}") = "ConsoleApp38", "..\ConsoleApp38\ConsoleApp38.csproj", "{2811BE90-5CE8-4EBD-BC61-9ACF740E3392}"
EndProject
Project("{FAE04EC0-301F-11D3-BF4B-00C04F79EFBC}") = "ConsoleApp39", "..\ConsoleApp39\ConsoleApp39.csproj", "{2477EBE6-38D9-4C45-9314-AA5D9E9EE9B6}"
EndProject
Project("{FAE04EC0-301F-11D3-BF4B-00C04F79EFBC}") = "ConsoleApp40", "..\ConsoleApp40\ConsoleApp40.csproj", "{EAAF3A94-41A6-453C-A61E-49E850010664}"
EndProject
Project("{FAE04EC0-301F-11D3-BF4B-00C04F79EFBC}") = "ConsoleApp41", "..\ConsoleApp41\ConsoleApp41.csproj", "{301B9BDA-B5D5-4AA5-9664-0D71673FA672}"
EndProject
Project("{FAE04EC0-301F-11D3-BF4B-00C04F79EFBC}") = "ConsoleApp42", "..\ConsoleApp42\ConsoleApp42.csproj", "{F966723D-F248-4A10-A750-D0364FB22561}"
EndProject
Project("{FAE04EC0-301F-11D3-BF4B-00C04F79EFBC}") = "ConsoleApp43", "..\ConsoleApp43\ConsoleApp43.csproj", "{B7949093-55F3-4E74-9523-3A1CF2909315}"
EndProject
Project("{FAE04EC0-301F-11D3-BF4B-00C04F79EFBC}") = "ConsoleApp44", "..\ConsoleApp44\ConsoleApp44.csproj", "{1DC3CCC6-9C29-4F83-B3A2-F5F19E6175F9}"
EndProject
Project("{FAE04EC0-301F-11D3-BF4B-00C04F79EFBC}") = "ConsoleApp45", "..\ConsoleApp45\ConsoleApp45.csproj", "{9594FF30-626B-4007-98DB-823BACDD4680}"
EndProject
Project("{FAE04EC0-301F-11D3-BF4B-00C04F79EFBC}") = "ConsoleApp46", "..\ConsoleApp46\ConsoleApp46.csproj", "{C942A8AF-825C-4D2C-884E-96ED033F36B8}"
EndProject
Project("{FAE04EC0-301F-11D3-BF4B-00C04F79EFBC}") = "ConsoleApp47", "..\ConsoleApp47\ConsoleApp47.csproj", "{82CCFDCD-A441-4A44-B16F-776FCA2BCBF1}"
EndProject
Project("{FAE04EC0-301F-11D3-BF4B-00C04F79EFBC}") = "ConsoleApp48", "..\ConsoleApp48\ConsoleApp48.csproj", "{C783566A-E157-4916-B387-36BD3F7062EF}"
EndProject
Project("{FAE04EC0-301F-11D3-BF4B-00C04F79EFBC}") = "ConsoleApp49", "..\ConsoleApp49\ConsoleApp49.csproj", "{736CAAB9-B366-4553-AF72-F2F1D3CFC5E3}"
EndProject
Project("{FAE04EC0-301F-11D3-BF4B-00C04F79EFBC}") = "ConsoleApp50", "..\ConsoleApp50\ConsoleApp50.csproj", "{C9A927B8-0E18-4767-8F8F-4B2237D0EFF5}"
EndProject
Project("{FAE04EC0-301F-11D3-BF4B-00C04F79EFBC}") = "ConsoleApp51", "..\ConsoleApp51\ConsoleApp51.csproj", "{D45B14D7-0256-417E-BA10-DE5EDC463857}"
EndProject
Global
	GlobalSection(SolutionConfigurationPlatforms) = preSolution
		Debug|Any CPU = Debug|Any CPU
		Release|Any CPU = Release|Any CPU
	EndGlobalSection
	GlobalSection(ProjectConfigurationPlatforms) = postSolution
		{722790E7-3049-4212-B98B-EA2EC678B5AB}.Debug|Any CPU.ActiveCfg = Debug|Any CPU
		{722790E7-3049-4212-B98B-EA2EC678B5AB}.Debug|Any CPU.Build.0 = Debug|Any CPU
		{722790E7-3049-4212-B98B-EA2EC678B5AB}.Release|Any CPU.ActiveCfg = Release|Any CPU
		{722790E7-3049-4212-B98B-EA2EC678B5AB}.Release|Any CPU.Build.0 = Release|Any CPU
		{3459BA3E-665D-42AC-87B2-9659B642CFAA}.Debug|Any CPU.ActiveCfg = Debug|Any CPU
		{3459BA3E-665D-42AC-87B2-9659B642CFAA}.Debug|Any CPU.Build.0 = Debug|Any CPU
		{3459BA3E-665D-42AC-87B2-9659B642CFAA}.Release|Any CPU.ActiveCfg = Release|Any CPU
		{3459BA3E-665D-42AC-87B2-9659B642CFAA}.Release|Any CPU.Build.0 = Release|Any CPU
		{0CA059CB-8B47-4F36-BDF4-C81CB997995E}.Debug|Any CPU.ActiveCfg = Debug|Any CPU
		{0CA059CB-8B47-4F36-BDF4-C81CB997995E}.Debug|Any CPU.Build.0 = Debug|Any CPU
		{0CA059CB-8B47-4F36-BDF4-C81CB997995E}.Release|Any CPU.ActiveCfg = Release|Any CPU
		{0CA059CB-8B47-4F36-BDF4-C81CB997995E}.Release|Any CPU.Build.0 = Release|Any CPU
		{AB9D3D53-3C82-4F0B-A7FC-EB1E58E7CE3F}.Debug|Any CPU.ActiveCfg = Debug|Any CPU
		{AB9D3D53-3C82-4F0B-A7FC-EB1E58E7CE3F}.Debug|Any CPU.Build.0 = Debug|Any CPU
		{AB9D3D53-3C82-4F0B-A7FC-EB1E58E7CE3F}.Release|Any CPU.ActiveCfg = Release|Any CPU
		{AB9D3D53-3C82-4F0B-A7FC-EB1E58E7CE3F}.Release|Any CPU.Build.0 = Release|Any CPU
		{E0A7C29A-08A8-46A3-B9B4-4CAEDFDC5D28}.Debug|Any CPU.ActiveCfg = Debug|Any CPU
		{E0A7C29A-08A8-46A3-B9B4-4CAEDFDC5D28}.Debug|Any CPU.Build.0 = Debug|Any CPU
		{E0A7C29A-08A8-46A3-B9B4-4CAEDFDC5D28}.Release|Any CPU.ActiveCfg = Release|Any CPU
		{E0A7C29A-08A8-46A3-B9B4-4CAEDFDC5D28}.Release|Any CPU.Build.0 = Release|Any CPU
		{7599CB1A-44BA-470D-88EB-5EAED7CD61D4}.Debug|Any CPU.ActiveCfg = Debug|Any CPU
		{7599CB1A-44BA-470D-88EB-5EAED7CD61D4}.Debug|Any CPU.Build.0 = Debug|Any CPU
		{7599CB1A-44BA-470D-88EB-5EAED7CD61D4}.Release|Any CPU.ActiveCfg = Release|Any CPU
		{7599CB1A-44BA-470D-88EB-5EAED7CD61D4}.Release|Any CPU.Build.0 = Release|Any CPU
		{F278E389-42AE-4AD9-A0CE-9BFA60CE1DC5}.Debug|Any CPU.ActiveCfg = Debug|Any CPU
		{F278E389-42AE-4AD9-A0CE-9BFA60CE1DC5}.Debug|Any CPU.Build.0 = Debug|Any CPU
		{F278E389-42AE-4AD9-A0CE-9BFA60CE1DC5}.Release|Any CPU.ActiveCfg = Release|Any CPU
		{F278E389-42AE-4AD9-A0CE-9BFA60CE1DC5}.Release|Any CPU.Build.0 = Release|Any CPU
		{509D10B2-2BB5-47A4-B937-1977C483A7F4}.Debug|Any CPU.ActiveCfg = Debug|Any CPU
		{509D10B2-2BB5-47A4-B937-1977C483A7F4}.Debug|Any CPU.Build.0 = Debug|Any CPU
		{509D10B2-2BB5-47A4-B937-1977C483A7F4}.Release|Any CPU.ActiveCfg = Release|Any CPU
		{509D10B2-2BB5-47A4-B937-1977C483A7F4}.Release|Any CPU.Build.0 = Release|Any CPU
		{1CDF9196-98A9-4A3B-877E-3CD835D18B9B}.Debug|Any CPU.ActiveCfg = Debug|Any CPU
		{1CDF9196-98A9-4A3B-877E-3CD835D18B9B}.Debug|Any CPU.Build.0 = Debug|Any CPU
		{1CDF9196-98A9-4A3B-877E-3CD835D18B9B}.Release|Any CPU.ActiveCfg = Release|Any CPU
		{1CDF9196-98A9-4A3B-877E-3CD835D18B9B}.Release|Any CPU.Build.0 = Release|Any CPU
		{2811BE90-5CE8-4EBD-BC61-9ACF740E3392}.Debug|Any CPU.ActiveCfg = Debug|Any CPU
		{2811BE90-5CE8-4EBD-BC61-9ACF740E3392}.Debug|Any CPU.Build.0 = Debug|Any CPU
		{2811BE90-5CE8-4EBD-BC61-9ACF740E3392}.Release|Any CPU.ActiveCfg = Release|Any CPU
		{2811BE90-5CE8-4EBD-BC61-9ACF740E3392}.Release|Any CPU.Build.0 = Release|Any CPU
		{2477EBE6-38D9-4C45-9314-AA5D9E9EE9B6}.Debug|Any CPU.ActiveCfg = Debug|Any CPU
		{2477EBE6-38D9-4C45-9314-AA5D9E9EE9B6}.Debug|Any CPU.Build.0 = Debug|Any CPU
		{2477EBE6-38D9-4C45-9314-AA5D9E9EE9B6}.Release|Any CPU.ActiveCfg = Release|Any CPU
		{2477EBE6-38D9-4C45-9314-AA5D9E9EE9B6}.Release|Any CPU.Build.0 = Release|Any CPU
		{EAAF3A94-41A6-453C-A61E-49E850010664}.Debug|Any CPU.ActiveCfg = Debug|Any CPU
		{EAAF3A94-41A6-453C-A61E-49E850010664}.Debug|Any CPU.Build.0 = Debug|Any CPU
		{EAAF3A94-41A6-453C-A61E-49E850010664}.Release|Any CPU.ActiveCfg = Release|Any CPU
		{EAAF3A94-41A6-453C-A61E-49E850010664}.Release|Any CPU.Build.0 = Release|Any CPU
		{301B9BDA-B5D5-4AA5-9664-0D71673FA672}.Debug|Any CPU.ActiveCfg = Debug|Any CPU
		{301B9BDA-B5D5-4AA5-9664-0D71673FA672}.Debug|Any CPU.Build.0 = Debug|Any CPU
		{301B9BDA-B5D5-4AA5-9664-0D71673FA672}.Release|Any CPU.ActiveCfg = Release|Any CPU
		{301B9BDA-B5D5-4AA5-9664-0D71673FA672}.Release|Any CPU.Build.0 = Release|Any CPU
		{F966723D-F248-4A10-A750-D0364FB22561}.Debug|Any CPU.ActiveCfg = Debug|Any CPU
		{F966723D-F248-4A10-A750-D0364FB22561}.Debug|Any CPU.Build.0 = Debug|Any CPU
		{F966723D-F248-4A10-A750-D0364FB22561}.Release|Any CPU.ActiveCfg = Release|Any CPU
		{F966723D-F248-4A10-A750-D0364FB22561}.Release|Any CPU.Build.0 = Release|Any CPU
		{B7949093-55F3-4E74-9523-3A1CF2909315}.Debug|Any CPU.ActiveCfg = Debug|Any CPU
		{B7949093-55F3-4E74-9523-3A1CF2909315}.Debug|Any CPU.Build.0 = Debug|Any CPU
		{B7949093-55F3-4E74-9523-3A1CF2909315}.Release|Any CPU.ActiveCfg = Release|Any CPU
		{B7949093-55F3-4E74-9523-3A1CF2909315}.Release|Any CPU.Build.0 = Release|Any CPU
		{1DC3CCC6-9C29-4F83-B3A2-F5F19E6175F9}.Debug|Any CPU.ActiveCfg = Debug|Any CPU
		{1DC3CCC6-9C29-4F83-B3A2-F5F19E6175F9}.Debug|Any CPU.Build.0 = Debug|Any CPU
		{1DC3CCC6-9C29-4F83-B3A2-F5F19E6175F9}.Release|Any CPU.ActiveCfg = Release|Any CPU
		{1DC3CCC6-9C29-4F83-B3A2-F5F19E6175F9}.Release|Any CPU.Build.0 = Release|Any CPU
		{9594FF30-626B-4007-98DB-823BACDD4680}.Debug|Any CPU.ActiveCfg = Debug|Any CPU
		{9594FF30-626B-4007-98DB-823BACDD4680}.Debug|Any CPU.Build.0 = Debug|Any CPU
		{9594FF30-626B-4007-98DB-823BACDD4680}.Release|Any CPU.ActiveCfg = Release|Any CPU
		{9594FF30-626B-4007-98DB-823BACDD4680}.Release|Any CPU.Build.0 = Release|Any CPU
		{C942A8AF-825C-4D2C-884E-96ED033F36B8}.Debug|Any CPU.ActiveCfg = Debug|Any CPU
		{C942A8AF-825C-4D2C-884E-96ED033F36B8}.Debug|Any CPU.Build.0 = Debug|Any CPU
		{C942A8AF-825C-4D2C-884E-96ED033F36B8}.Release|Any CPU.ActiveCfg = Release|Any CPU
		{C942A8AF-825C-4D2C-884E-96ED033F36B8}.Release|Any CPU.Build.0 = Release|Any CPU
		{82CCFDCD-A441-4A44-B16F-776FCA2BCBF1}.Debug|Any CPU.ActiveCfg = Debug|Any CPU
		{82CCFDCD-A441-4A44-B16F-776FCA2BCBF1}.Debug|Any CPU.Build.0 = Debug|Any CPU
		{82CCFDCD-A441-4A44-B16F-776FCA2BCBF1}.Release|Any CPU.ActiveCfg = Release|Any CPU
		{82CCFDCD-A441-4A44-B16F-776FCA2BCBF1}.Release|Any CPU.Build.0 = Release|Any CPU
		{C783566A-E157-4916-B387-36BD3F7062EF}.Debug|Any CPU.ActiveCfg = Debug|Any CPU
		{C783566A-E157-4916-B387-36BD3F7062EF}.Debug|Any CPU.Build.0 = Debug|Any CPU
		{C783566A-E157-4916-B387-36BD3F7062EF}.Release|Any CPU.ActiveCfg = Release|Any CPU
		{C783566A-E157-4916-B387-36BD3F7062EF}.Release|Any CPU.Build.0 = Release|Any CPU
		{736CAAB9-B366-4553-AF72-F2F1D3CFC5E3}.Debug|Any CPU.ActiveCfg = Debug|Any CPU
		{736CAAB9-B366-4553-AF72-F2F1D3CFC5E3}.Debug|Any CPU.Build.0 = Debug|Any CPU
		{736CAAB9-B366-4553-AF72-F2F1D3CFC5E3}.Release|Any CPU.ActiveCfg = Release|Any CPU
		{736CAAB9-B366-4553-AF72-F2F1D3CFC5E3}.Release|Any CPU.Build.0 = Release|Any CPU
		{C9A927B8-0E18-4767-8F8F-4B2237D0EFF5}.Debug|Any CPU.ActiveCfg = Debug|Any CPU
		{C9A927B8-0E18-4767-8F8F-4B2237D0EFF5}.Debug|Any CPU.Build.0 = Debug|Any CPU
		{C9A927B8-0E18-4767-8F8F-4B2237D0EFF5}.Release|Any CPU.ActiveCfg = Release|Any CPU
		{C9A927B8-0E18-4767-8F8F-4B2237D0EFF5}.Release|Any CPU.Build.0 = Release|Any CPU
		{D45B14D7-0256-417E-BA10-DE5EDC463857}.Debug|Any CPU.ActiveCfg = Debug|Any CPU
		{D45B14D7-0256-417E-BA10-DE5EDC463857}.Debug|Any CPU.Build.0 = Debug|Any CPU
		{D45B14D7-0256-417E-BA10-DE5EDC463857}.Release|Any CPU.ActiveCfg = Release|Any CPU
		{D45B14D7-0256-417E-BA10-DE5EDC463857}.Release|Any CPU.Build.0 = Release|Any CPU
	EndGlobalSection
	GlobalSection(SolutionProperties) = preSolution
		HideSolutionNode = FALSE
	EndGlobalSection
	GlobalSection(ExtensibilityGlobals) = postSolution
		SolutionGuid = {05357720-FF39-4351-BBD5-82F2E2870A49}
	EndGlobalSection
EndGlobal
